// !$*UTF8*$!
{
	archiveVersion = 1;
	classes = {
	};
	objectVersion = 46;
	objects = {

/* Begin PBXBuildFile section */
		3A9EAC70159E155C0042030E /* UIKit.framework in Frameworks */ = {isa = PBXBuildFile; fileRef = 3A9EAC6F159E155C0042030E /* UIKit.framework */; };
		3A9EAC72159E155C0042030E /* Foundation.framework in Frameworks */ = {isa = PBXBuildFile; fileRef = 3A9EAC71159E155C0042030E /* Foundation.framework */; };
		3A9EAC74159E155C0042030E /* CoreGraphics.framework in Frameworks */ = {isa = PBXBuildFile; fileRef = 3A9EAC73159E155C0042030E /* CoreGraphics.framework */; };
		3A9EAC7A159E155C0042030E /* InfoPlist.strings in Resources */ = {isa = PBXBuildFile; fileRef = 3A9EAC78159E155C0042030E /* InfoPlist.strings */; };
		3A9EAC7C159E155C0042030E /* main.m in Sources */ = {isa = PBXBuildFile; fileRef = 3A9EAC7B159E155C0042030E /* main.m */; };
		3A9EAC80159E155C0042030E /* soAppDelegate.m in Sources */ = {isa = PBXBuildFile; fileRef = 3A9EAC7F159E155C0042030E /* soAppDelegate.m */; };
		3A9EAC83159E155C0042030E /* soFirstViewController.m in Sources */ = {isa = PBXBuildFile; fileRef = 3A9EAC82159E155C0042030E /* soFirstViewController.m */; };
		3A9EAC85159E155C0042030E /* first.png in Resources */ = {isa = PBXBuildFile; fileRef = 3A9EAC84159E155C0042030E /* first.png */; };
		3A9EAC87159E155C0042030E /* first@2x.png in Resources */ = {isa = PBXBuildFile; fileRef = 3A9EAC86159E155C0042030E /* first@2x.png */; };
		3A9EAC8A159E155C0042030E /* soSecondViewController.m in Sources */ = {isa = PBXBuildFile; fileRef = 3A9EAC89159E155C0042030E /* soSecondViewController.m */; };
		3A9EAC8C159E155C0042030E /* second.png in Resources */ = {isa = PBXBuildFile; fileRef = 3A9EAC8B159E155C0042030E /* second.png */; };
		3A9EAC8E159E155C0042030E /* second@2x.png in Resources */ = {isa = PBXBuildFile; fileRef = 3A9EAC8D159E155C0042030E /* second@2x.png */; };
		3A9EAC91159E155C0042030E /* soFirstViewController.xib in Resources */ = {isa = PBXBuildFile; fileRef = 3A9EAC8F159E155C0042030E /* soFirstViewController.xib */; };
		3A9EAC94159E155C0042030E /* soSecondViewController.xib in Resources */ = {isa = PBXBuildFile; fileRef = 3A9EAC92159E155C0042030E /* soSecondViewController.xib */; };
/* End PBXBuildFile section */

/* Begin PBXFileReference section */
		3A9EAC6B159E155C0042030E /* SprintOverflow.app */ = {isa = PBXFileReference; explicitFileType = wrapper.application; includeInIndex = 0; path = SprintOverflow.app; sourceTree = BUILT_PRODUCTS_DIR; };
		3A9EAC6F159E155C0042030E /* UIKit.framework */ = {isa = PBXFileReference; lastKnownFileType = wrapper.framework; name = UIKit.framework; path = System/Library/Frameworks/UIKit.framework; sourceTree = SDKROOT; };
		3A9EAC71159E155C0042030E /* Foundation.framework */ = {isa = PBXFileReference; lastKnownFileType = wrapper.framework; name = Foundation.framework; path = System/Library/Frameworks/Foundation.framework; sourceTree = SDKROOT; };
		3A9EAC73159E155C0042030E /* CoreGraphics.framework */ = {isa = PBXFileReference; lastKnownFileType = wrapper.framework; name = CoreGraphics.framework; path = System/Library/Frameworks/CoreGraphics.framework; sourceTree = SDKROOT; };
		3A9EAC77159E155C0042030E /* SprintOverflow-Info.plist */ = {isa = PBXFileReference; path = "SprintOverflow-Info.plist"; sourceTree = "<group>"; };
		3A9EAC79159E155C0042030E /* en */ = {isa = PBXFileReference; lastKnownFileType = text.plist.strings; name = en; path = en.lproj/InfoPlist.strings; sourceTree = "<group>"; };
		3A9EAC7B159E155C0042030E /* main.m */ = {isa = PBXFileReference; lastKnownFileType = sourcecode.c.objc; path = main.m; sourceTree = "<group>"; };
		3A9EAC7D159E155C0042030E /* SprintOverflow-Prefix.pch */ = {isa = PBXFileReference; path = "SprintOverflow-Prefix.pch"; sourceTree = "<group>"; };
		3A9EAC7E159E155C0042030E /* soAppDelegate.h */ = {isa = PBXFileReference; path = soAppDelegate.h; sourceTree = "<group>"; };
		3A9EAC7F159E155C0042030E /* soAppDelegate.m */ = {isa = PBXFileReference; lastKnownFileType = sourcecode.c.objc; path = soAppDelegate.m; sourceTree = "<group>"; };
		3A9EAC81159E155C0042030E /* soFirstViewController.h */ = {isa = PBXFileReference; path = soFirstViewController.h; sourceTree = "<group>"; };
		3A9EAC82159E155C0042030E /* soFirstViewController.m */ = {isa = PBXFileReference; lastKnownFileType = sourcecode.c.objc; path = soFirstViewController.m; sourceTree = "<group>"; };
		3A9EAC84159E155C0042030E /* first.png */ = {isa = PBXFileReference; lastKnownFileType = image.png; path = first.png; sourceTree = "<group>"; };
		3A9EAC86159E155C0042030E /* first@2x.png */ = {isa = PBXFileReference; lastKnownFileType = image.png; path = "first@2x.png"; sourceTree = "<group>"; };
		3A9EAC88159E155C0042030E /* soSecondViewController.h */ = {isa = PBXFileReference; path = soSecondViewController.h; sourceTree = "<group>"; };
		3A9EAC89159E155C0042030E /* soSecondViewController.m */ = {isa = PBXFileReference; lastKnownFileType = sourcecode.c.objc; path = soSecondViewController.m; sourceTree = "<group>"; };
		3A9EAC8B159E155C0042030E /* second.png */ = {isa = PBXFileReference; lastKnownFileType = image.png; path = second.png; sourceTree = "<group>"; };
		3A9EAC8D159E155C0042030E /* second@2x.png */ = {isa = PBXFileReference; lastKnownFileType = image.png; path = "second@2x.png"; sourceTree = "<group>"; };
		3A9EAC90159E155C0042030E /* en */ = {isa = PBXFileReference; lastKnownFileType = file.xib; name = en; path = en.lproj/soFirstViewController.xib; sourceTree = "<group>"; };
		3A9EAC93159E155C0042030E /* en */ = {isa = PBXFileReference; lastKnownFileType = file.xib; name = en; path = en.lproj/soSecondViewController.xib; sourceTree = "<group>"; };
/* End PBXFileReference section */

/* Begin PBXFrameworksBuildPhase section */
		3A9EAC68159E155C0042030E /* Frameworks */ = {
			isa = PBXFrameworksBuildPhase;
			buildActionMask = 2147483647;
			files = (
				3A9EAC70159E155C0042030E /* UIKit.framework in Frameworks */,
				3A9EAC72159E155C0042030E /* Foundation.framework in Frameworks */,
				3A9EAC74159E155C0042030E /* CoreGraphics.framework in Frameworks */,
			);
			runOnlyForDeploymentPostprocessing = 0;
		};
/* End PBXFrameworksBuildPhase section */

/* Begin PBXGroup section */
		3A9EAC60159E155C0042030E = {
			isa = PBXGroup;
			children = (
				3A9EAC75159E155C0042030E /* SprintOverflow */,
				3A9EAC6E159E155C0042030E /* Frameworks */,
				3A9EAC6C159E155C0042030E /* Products */,
			);
			sourceTree = "<group>";
		};
		3A9EAC6C159E155C0042030E /* Products */ = {
			isa = PBXGroup;
			children = (
				3A9EAC6B159E155C0042030E /* SprintOverflow.app */,
			);
			name = Products;
			sourceTree = "<group>";
		};
		3A9EAC6E159E155C0042030E /* Frameworks */ = {
			isa = PBXGroup;
			children = (
				3A9EAC6F159E155C0042030E /* UIKit.framework */,
				3A9EAC71159E155C0042030E /* Foundation.framework */,
				3A9EAC73159E155C0042030E /* CoreGraphics.framework */,
			);
			name = Frameworks;
			sourceTree = "<group>";
		};
		3A9EAC75159E155C0042030E /* SprintOverflow */ = {
			isa = PBXGroup;
			children = (
				3A9EAC7E159E155C0042030E /* soAppDelegate.h */,
				3A9EAC7F159E155C0042030E /* soAppDelegate.m */,
				3A9EAC81159E155C0042030E /* soFirstViewController.h */,
				3A9EAC82159E155C0042030E /* soFirstViewController.m */,
				3A9EAC84159E155C0042030E /* first.png */,
				3A9EAC86159E155C0042030E /* first@2x.png */,
				3A9EAC88159E155C0042030E /* soSecondViewController.h */,
				3A9EAC89159E155C0042030E /* soSecondViewController.m */,
				3A9EAC8B159E155C0042030E /* second.png */,
				3A9EAC8D159E155C0042030E /* second@2x.png */,
				3A9EAC8F159E155C0042030E /* soFirstViewController.xib */,
				3A9EAC92159E155C0042030E /* soSecondViewController.xib */,
				3A9EAC76159E155C0042030E /* Supporting Files */,
			);
			path = SprintOverflow;
			sourceTree = "<group>";
		};
		3A9EAC76159E155C0042030E /* Supporting Files */ = {
			isa = PBXGroup;
			children = (
				3A9EAC77159E155C0042030E /* SprintOverflow-Info.plist */,
				3A9EAC78159E155C0042030E /* InfoPlist.strings */,
				3A9EAC7B159E155C0042030E /* main.m */,
				3A9EAC7D159E155C0042030E /* SprintOverflow-Prefix.pch */,
			);
			name = "Supporting Files";
			sourceTree = "<group>";
		};
/* End PBXGroup section */

/* Begin PBXNativeTarget section */
		3A9EAC6A159E155C0042030E /* SprintOverflow */ = {
			isa = PBXNativeTarget;
			buildConfigurationList = 3A9EAC97159E155C0042030E /* Build configuration list for PBXNativeTarget "SprintOverflow" */;
			buildPhases = (
				3A9EAC67159E155C0042030E /* Sources */,
				3A9EAC68159E155C0042030E /* Frameworks */,
				3A9EAC69159E155C0042030E /* Resources */,
			);
			buildRules = (
			);
			dependencies = (
			);
			name = SprintOverflow;
			productName = SprintOverflow;
			productReference = 3A9EAC6B159E155C0042030E /* SprintOverflow.app */;
			productType = "com.apple.product-type.application";
		};
/* End PBXNativeTarget section */

/* Begin PBXProject section */
		3A9EAC62159E155C0042030E /* Project object */ = {
			isa = PBXProject;
			attributes = {
				CLASSPREFIX = so;
				LastUpgradeCheck = 0430;
			};
			buildConfigurationList = 3A9EAC65159E155C0042030E /* Build configuration list for PBXProject "SprintOverflow" */;
			compatibilityVersion = "Xcode 3.2";
			developmentRegion = English;
			hasScannedForEncodings = 0;
			knownRegions = (
				en,
			);
			mainGroup = 3A9EAC60159E155C0042030E;
			productRefGroup = 3A9EAC6C159E155C0042030E /* Products */;
			projectDirPath = "";
			projectRoot = "";
			targets = (
				3A9EAC6A159E155C0042030E /* SprintOverflow */,
			);
		};
/* End PBXProject section */

/* Begin PBXResourcesBuildPhase section */
		3A9EAC69159E155C0042030E /* Resources */ = {
			isa = PBXResourcesBuildPhase;
			buildActionMask = 2147483647;
			files = (
				3A9EAC7A159E155C0042030E /* InfoPlist.strings in Resources */,
				3A9EAC85159E155C0042030E /* first.png in Resources */,
				3A9EAC87159E155C0042030E /* first@2x.png in Resources */,
				3A9EAC8C159E155C0042030E /* second.png in Resources */,
				3A9EAC8E159E155C0042030E /* second@2x.png in Resources */,
				3A9EAC91159E155C0042030E /* soFirstViewController.xib in Resources */,
				3A9EAC94159E155C0042030E /* soSecondViewController.xib in Resources */,
			);
			runOnlyForDeploymentPostprocessing = 0;
		};
/* End PBXResourcesBuildPhase section */

/* Begin PBXSourcesBuildPhase section */
		3A9EAC67159E155C0042030E /* Sources */ = {
			isa = PBXSourcesBuildPhase;
			buildActionMask = 2147483647;
			files = (
				3A9EAC7C159E155C0042030E /* main.m in Sources */,
				3A9EAC80159E155C0042030E /* soAppDelegate.m in Sources */,
				3A9EAC83159E155C0042030E /* soFirstViewController.m in Sources */,
				3A9EAC8A159E155C0042030E /* soSecondViewController.m in Sources */,
			);
			runOnlyForDeploymentPostprocessing = 0;
		};
/* End PBXSourcesBuildPhase section */

/* Begin PBXVariantGroup section */
		3A9EAC78159E155C0042030E /* InfoPlist.strings */ = {
			isa = PBXVariantGroup;
			children = (
				3A9EAC79159E155C0042030E /* en */,
			);
			name = InfoPlist.strings;
			sourceTree = "<group>";
		};
		3A9EAC8F159E155C0042030E /* soFirstViewController.xib */ = {
			isa = PBXVariantGroup;
			children = (
				3A9EAC90159E155C0042030E /* en */,
			);
			name = soFirstViewController.xib;
			sourceTree = "<group>";
		};
		3A9EAC92159E155C0042030E /* soSecondViewController.xib */ = {
			isa = PBXVariantGroup;
			children = (
				3A9EAC93159E155C0042030E /* en */,
			);
			name = soSecondViewController.xib;
			sourceTree = "<group>";
		};
/* End PBXVariantGroup section */

/* Begin XCBuildConfiguration section */
		3A9EAC95159E155C0042030E /* Debug */ = {
			isa = XCBuildConfiguration;
			buildSettings = {
				ALWAYS_SEARCH_USER_PATHS = NO;
				ARCHS = "$(ARCHS_STANDARD_32_BIT)";
				CLANG_ENABLE_OBJC_ARC = YES;
				"CODE_SIGN_IDENTITY[sdk=iphoneos*]" = "iPhone Developer";
				COPY_PHASE_STRIP = NO;
				GCC_C_LANGUAGE_STANDARD = gnu99;
				GCC_DYNAMIC_NO_PIC = NO;
				GCC_OPTIMIZATION_LEVEL = 0;
				GCC_PREPROCESSOR_DEFINITIONS = (
					"DEBUG=1",
					"$(inherited)",
				);
				GCC_SYMBOLS_PRIVATE_EXTERN = NO;
				GCC_VERSION = com.apple.compilers.llvm.clang.1_0;
				GCC_WARN_ABOUT_RETURN_TYPE = YES;
				GCC_WARN_UNINITIALIZED_AUTOS = YES;
				GCC_WARN_UNUSED_VARIABLE = YES;
				IPHONEOS_DEPLOYMENT_TARGET = 5.1;
				SDKROOT = iphoneos;
			};
			name = Debug;
		};
		3A9EAC96159E155C0042030E /* Release */ = {
			isa = XCBuildConfiguration;
			buildSettings = {
				ALWAYS_SEARCH_USER_PATHS = NO;
				ARCHS = "$(ARCHS_STANDARD_32_BIT)";
				CLANG_ENABLE_OBJC_ARC = YES;
				"CODE_SIGN_IDENTITY[sdk=iphoneos*]" = "iPhone Developer";
				COPY_PHASE_STRIP = YES;
				GCC_C_LANGUAGE_STANDARD = gnu99;
				GCC_VERSION = com.apple.compilers.llvm.clang.1_0;
				GCC_WARN_ABOUT_RETURN_TYPE = YES;
				GCC_WARN_UNINITIALIZED_AUTOS = YES;
				GCC_WARN_UNUSED_VARIABLE = YES;
				IPHONEOS_DEPLOYMENT_TARGET = 5.1;
				OTHER_CFLAGS = "-DNS_BLOCK_ASSERTIONS=1";
				SDKROOT = iphoneos;
				VALIDATE_PRODUCT = YES;
			};
			name = Release;
		};
		3A9EAC98159E155C0042030E /* Debug */ = {
			isa = XCBuildConfiguration;
			buildSettings = {
				GCC_PRECOMPILE_PREFIX_HEADER = YES;
				GCC_PREFIX_HEADER = "SprintOverflow/SprintOverflow-Prefix.pch";
				INFOPLIST_FILE = "SprintOverflow/SprintOverflow-Info.plist";
				PRODUCT_NAME = "$(TARGET_NAME)";
				WRAPPER_EXTENSION = app;
			};
			name = Debug;
		};
		3A9EAC99159E155C0042030E /* Release */ = {
			isa = XCBuildConfiguration;
			buildSettings = {
				GCC_PRECOMPILE_PREFIX_HEADER = YES;
				GCC_PREFIX_HEADER = "SprintOverflow/SprintOverflow-Prefix.pch";
				INFOPLIST_FILE = "SprintOverflow/SprintOverflow-Info.plist";
				PRODUCT_NAME = "$(TARGET_NAME)";
				WRAPPER_EXTENSION = app;
			};
			name = Release;
		};
/* End XCBuildConfiguration section */

/* Begin XCConfigurationList section */
		3A9EAC65159E155C0042030E /* Build configuration list for PBXProject "SprintOverflow" */ = {
			isa = XCConfigurationList;
			buildConfigurations = (
				3A9EAC95159E155C0042030E /* Debug */,
				3A9EAC96159E155C0042030E /* Release */,
			);
			defaultConfigurationIsVisible = 0;
			defaultConfigurationName = Release;
		};
		3A9EAC97159E155C0042030E /* Build configuration list for PBXNativeTarget "SprintOverflow" */ = {
			isa = XCConfigurationList;
			buildConfigurations = (
				3A9EAC98159E155C0042030E /* Debug */,
				3A9EAC99159E155C0042030E /* Release */,
			);
			defaultConfigurationIsVisible = 0;
		};
/* End XCConfigurationList section */
	};
	rootObject = 3A9EAC62159E155C0042030E /* Project object */;
}
