// !$*UTF8*$!
{
	archiveVersion = 1;
	classes = {
	};
	objectVersion = 46;
	objects = {

/* Begin PBXBuildFile section */
		3A2BDA0615AC3B5E00AB3F7B /* Model.xcdatamodeld in Sources */ = {isa = PBXBuildFile; fileRef = 3A2BDA0415AC3B5E00AB3F7B /* Model.xcdatamodeld */; };
		3A30C02015EE671300FE937C /* soCreateViewController.m in Sources */ = {isa = PBXBuildFile; fileRef = 3A30C01E15EE671300FE937C /* soCreateViewController.m */; };
		3A30C02515EECBE100FE937C /* soSecurity.m in Sources */ = {isa = PBXBuildFile; fileRef = 3A30C02415EECBE100FE937C /* soSecurity.m */; };
		3A30C03015EFD33D00FE937C /* findMissingLocalizedStrings.sh in Resources */ = {isa = PBXBuildFile; fileRef = 3A30C02F15EFD33D00FE937C /* findMissingLocalizedStrings.sh */; };
		3A30C03115EFD46000FE937C /* join.xib in Resources */ = {isa = PBXBuildFile; fileRef = 3A30C03315EFD46000FE937C /* join.xib */; };
		3A30C03415EFD49C00FE937C /* soCreateViewController.xib in Resources */ = {isa = PBXBuildFile; fileRef = 3A30C03615EFD49C00FE937C /* soCreateViewController.xib */; };
		3A48920615A1B17B00AAFF54 /* NSObject+SBJSON.m in Sources */ = {isa = PBXBuildFile; fileRef = 3A4891FB15A1B17B00AAFF54 /* NSObject+SBJSON.m */; };
		3A48920715A1B17B00AAFF54 /* NSString+SBJSON.m in Sources */ = {isa = PBXBuildFile; fileRef = 3A4891FD15A1B17B00AAFF54 /* NSString+SBJSON.m */; };
		3A48920815A1B17B00AAFF54 /* SBJSON.m in Sources */ = {isa = PBXBuildFile; fileRef = 3A4891FF15A1B17B00AAFF54 /* SBJSON.m */; };
		3A48920915A1B17B00AAFF54 /* SBJsonBase.m in Sources */ = {isa = PBXBuildFile; fileRef = 3A48920115A1B17B00AAFF54 /* SBJsonBase.m */; };
		3A48920A15A1B17B00AAFF54 /* SBJsonParser.m in Sources */ = {isa = PBXBuildFile; fileRef = 3A48920315A1B17B00AAFF54 /* SBJsonParser.m */; };
		3A48920B15A1B17B00AAFF54 /* SBJsonWriter.m in Sources */ = {isa = PBXBuildFile; fileRef = 3A48920515A1B17B00AAFF54 /* SBJsonWriter.m */; };
		3A48920E15A1B48C00AAFF54 /* soDatabase.m in Sources */ = {isa = PBXBuildFile; fileRef = 3A48920D15A1B48C00AAFF54 /* soDatabase.m */; };
		3A48921115A1B78A00AAFF54 /* CoreData.framework in Frameworks */ = {isa = PBXBuildFile; fileRef = 3A48921015A1B78A00AAFF54 /* CoreData.framework */; };
		3A6117BF15F4C20F00C155AD /* soConstants.m in Sources */ = {isa = PBXBuildFile; fileRef = 3A6117BE15F4C20F00C155AD /* soConstants.m */; };
		3A6117C215F4C44600C155AD /* soUtil.m in Sources */ = {isa = PBXBuildFile; fileRef = 3A6117C115F4C44600C155AD /* soUtil.m */; };
		3A9EAC70159E155C0042030E /* UIKit.framework in Frameworks */ = {isa = PBXBuildFile; fileRef = 3A9EAC6F159E155C0042030E /* UIKit.framework */; };
		3A9EAC72159E155C0042030E /* Foundation.framework in Frameworks */ = {isa = PBXBuildFile; fileRef = 3A9EAC71159E155C0042030E /* Foundation.framework */; };
		3A9EAC74159E155C0042030E /* CoreGraphics.framework in Frameworks */ = {isa = PBXBuildFile; fileRef = 3A9EAC73159E155C0042030E /* CoreGraphics.framework */; };
		3A9EAC7A159E155C0042030E /* InfoPlist.strings in Resources */ = {isa = PBXBuildFile; fileRef = 3A9EAC78159E155C0042030E /* InfoPlist.strings */; };
		3A9EAC7C159E155C0042030E /* main.m in Sources */ = {isa = PBXBuildFile; fileRef = 3A9EAC7B159E155C0042030E /* main.m */; };
		3A9EAC80159E155C0042030E /* soAppDelegate.m in Sources */ = {isa = PBXBuildFile; fileRef = 3A9EAC7F159E155C0042030E /* soAppDelegate.m */; };
		3A9EAC83159E155C0042030E /* soWelcomeViewController.m in Sources */ = {isa = PBXBuildFile; fileRef = 3A9EAC82159E155C0042030E /* soWelcomeViewController.m */; };
		3A9EAC85159E155C0042030E /* first.png in Resources */ = {isa = PBXBuildFile; fileRef = 3A9EAC84159E155C0042030E /* first.png */; };
		3A9EAC87159E155C0042030E /* first@2x.png in Resources */ = {isa = PBXBuildFile; fileRef = 3A9EAC86159E155C0042030E /* first@2x.png */; };
		3A9EAC8A159E155C0042030E /* soSecondViewController.m in Sources */ = {isa = PBXBuildFile; fileRef = 3A9EAC89159E155C0042030E /* soSecondViewController.m */; };
		3A9EAC8C159E155C0042030E /* second.png in Resources */ = {isa = PBXBuildFile; fileRef = 3A9EAC8B159E155C0042030E /* second.png */; };
		3A9EAC8E159E155C0042030E /* second@2x.png in Resources */ = {isa = PBXBuildFile; fileRef = 3A9EAC8D159E155C0042030E /* second@2x.png */; };
		3A9EAC91159E155C0042030E /* welcome.xib in Resources */ = {isa = PBXBuildFile; fileRef = 3A9EAC8F159E155C0042030E /* welcome.xib */; };
		3A9EAC94159E155C0042030E /* soSecondViewController.xib in Resources */ = {isa = PBXBuildFile; fileRef = 3A9EAC92159E155C0042030E /* soSecondViewController.xib */; };
		3AA9E41215C851D9006A4704 /* soJoinViewController.m in Sources */ = {isa = PBXBuildFile; fileRef = 3AA9E41015C851D9006A4704 /* soJoinViewController.m */; };
		3AB5F5E915A1D2AD000D9A55 /* soEpic.m in Sources */ = {isa = PBXBuildFile; fileRef = 3AB5F5E815A1D2AD000D9A55 /* soEpic.m */; };
		3AB5F5ED15A1D78A000D9A55 /* soModel.m in Sources */ = {isa = PBXBuildFile; fileRef = 3AB5F5EC15A1D78A000D9A55 /* soModel.m */; };
		3ABB585D15A2EDB1007A57A4 /* soStory.m in Sources */ = {isa = PBXBuildFile; fileRef = 3ABB585C15A2EDB1007A57A4 /* soStory.m */; };
		3AC0A37115F009BF0095F685 /* LocalModelCache.m in Sources */ = {isa = PBXBuildFile; fileRef = 3AC0A37015F009BF0095F685 /* LocalModelCache.m */; };
		3AD7477E15A32D7A0034B799 /* soTask.m in Sources */ = {isa = PBXBuildFile; fileRef = 3AD7477D15A32D7A0034B799 /* soTask.m */; };
/* End PBXBuildFile section */

/* Begin PBXFileReference section */
		3A2BDA0515AC3B5E00AB3F7B /* Model.xcdatamodel */ = {isa = PBXFileReference; lastKnownFileType = wrapper.xcdatamodel; path = Model.xcdatamodel; sourceTree = "<group>"; };
		3A30C01D15EE671300FE937C /* soCreateViewController.h */ = {isa = PBXFileReference; fileEncoding = 4; lastKnownFileType = sourcecode.c.h; path = soCreateViewController.h; sourceTree = "<group>"; };
		3A30C01E15EE671300FE937C /* soCreateViewController.m */ = {isa = PBXFileReference; fileEncoding = 4; lastKnownFileType = sourcecode.c.objc; path = soCreateViewController.m; sourceTree = "<group>"; };
		3A30C02315EECBE100FE937C /* soSecurity.h */ = {isa = PBXFileReference; fileEncoding = 4; lastKnownFileType = sourcecode.c.h; path = soSecurity.h; sourceTree = "<group>"; };
		3A30C02415EECBE100FE937C /* soSecurity.m */ = {isa = PBXFileReference; fileEncoding = 4; lastKnownFileType = sourcecode.c.objc; path = soSecurity.m; sourceTree = "<group>"; };
		3A30C02F15EFD33D00FE937C /* findMissingLocalizedStrings.sh */ = {isa = PBXFileReference; fileEncoding = 4; lastKnownFileType = text.script.sh; path = findMissingLocalizedStrings.sh; sourceTree = "<group>"; };
		3A30C03215EFD46000FE937C /* en */ = {isa = PBXFileReference; lastKnownFileType = file.xib; name = en; path = en.lproj/join.xib; sourceTree = "<group>"; };
		3A30C03515EFD49C00FE937C /* en */ = {isa = PBXFileReference; lastKnownFileType = file.xib; name = en; path = en.lproj/soCreateViewController.xib; sourceTree = "<group>"; };
		3A4891F915A1B17B00AAFF54 /* JSON.h */ = {isa = PBXFileReference; fileEncoding = 4; lastKnownFileType = sourcecode.c.h; path = JSON.h; sourceTree = "<group>"; };
		3A4891FA15A1B17B00AAFF54 /* NSObject+SBJSON.h */ = {isa = PBXFileReference; fileEncoding = 4; lastKnownFileType = sourcecode.c.h; path = "NSObject+SBJSON.h"; sourceTree = "<group>"; };
		3A4891FB15A1B17B00AAFF54 /* NSObject+SBJSON.m */ = {isa = PBXFileReference; fileEncoding = 4; lastKnownFileType = sourcecode.c.objc; path = "NSObject+SBJSON.m"; sourceTree = "<group>"; };
		3A4891FC15A1B17B00AAFF54 /* NSString+SBJSON.h */ = {isa = PBXFileReference; fileEncoding = 4; lastKnownFileType = sourcecode.c.h; path = "NSString+SBJSON.h"; sourceTree = "<group>"; };
		3A4891FD15A1B17B00AAFF54 /* NSString+SBJSON.m */ = {isa = PBXFileReference; fileEncoding = 4; lastKnownFileType = sourcecode.c.objc; path = "NSString+SBJSON.m"; sourceTree = "<group>"; };
		3A4891FE15A1B17B00AAFF54 /* SBJSON.h */ = {isa = PBXFileReference; fileEncoding = 4; lastKnownFileType = sourcecode.c.h; path = SBJSON.h; sourceTree = "<group>"; };
		3A4891FF15A1B17B00AAFF54 /* SBJSON.m */ = {isa = PBXFileReference; fileEncoding = 4; lastKnownFileType = sourcecode.c.objc; path = SBJSON.m; sourceTree = "<group>"; };
		3A48920015A1B17B00AAFF54 /* SBJsonBase.h */ = {isa = PBXFileReference; fileEncoding = 4; lastKnownFileType = sourcecode.c.h; path = SBJsonBase.h; sourceTree = "<group>"; };
		3A48920115A1B17B00AAFF54 /* SBJsonBase.m */ = {isa = PBXFileReference; fileEncoding = 4; lastKnownFileType = sourcecode.c.objc; path = SBJsonBase.m; sourceTree = "<group>"; };
		3A48920215A1B17B00AAFF54 /* SBJsonParser.h */ = {isa = PBXFileReference; fileEncoding = 4; lastKnownFileType = sourcecode.c.h; path = SBJsonParser.h; sourceTree = "<group>"; };
		3A48920315A1B17B00AAFF54 /* SBJsonParser.m */ = {isa = PBXFileReference; fileEncoding = 4; lastKnownFileType = sourcecode.c.objc; path = SBJsonParser.m; sourceTree = "<group>"; };
		3A48920415A1B17B00AAFF54 /* SBJsonWriter.h */ = {isa = PBXFileReference; fileEncoding = 4; lastKnownFileType = sourcecode.c.h; path = SBJsonWriter.h; sourceTree = "<group>"; };
		3A48920515A1B17B00AAFF54 /* SBJsonWriter.m */ = {isa = PBXFileReference; fileEncoding = 4; lastKnownFileType = sourcecode.c.objc; path = SBJsonWriter.m; sourceTree = "<group>"; };
		3A48920D15A1B48C00AAFF54 /* soDatabase.m */ = {isa = PBXFileReference; fileEncoding = 4; lastKnownFileType = sourcecode.c.objc; path = soDatabase.m; sourceTree = "<group>"; };
		3A48920F15A1B4F200AAFF54 /* soDatabase.h */ = {isa = PBXFileReference; fileEncoding = 4; lastKnownFileType = sourcecode.c.h; path = soDatabase.h; sourceTree = "<group>"; };
		3A48921015A1B78A00AAFF54 /* CoreData.framework */ = {isa = PBXFileReference; lastKnownFileType = wrapper.framework; name = CoreData.framework; path = System/Library/Frameworks/CoreData.framework; sourceTree = SDKROOT; };
		3A6117BD15F4C20F00C155AD /* soConstants.h */ = {isa = PBXFileReference; fileEncoding = 4; lastKnownFileType = sourcecode.c.h; path = soConstants.h; sourceTree = "<group>"; };
		3A6117BE15F4C20F00C155AD /* soConstants.m */ = {isa = PBXFileReference; fileEncoding = 4; lastKnownFileType = sourcecode.c.objc; path = soConstants.m; sourceTree = "<group>"; };
		3A6117C015F4C44600C155AD /* soUtil.h */ = {isa = PBXFileReference; fileEncoding = 4; lastKnownFileType = sourcecode.c.h; path = soUtil.h; sourceTree = "<group>"; };
		3A6117C115F4C44600C155AD /* soUtil.m */ = {isa = PBXFileReference; fileEncoding = 4; lastKnownFileType = sourcecode.c.objc; path = soUtil.m; sourceTree = "<group>"; };
		3A9EAC6B159E155C0042030E /* SprintOverflow.app */ = {isa = PBXFileReference; explicitFileType = wrapper.application; includeInIndex = 0; path = SprintOverflow.app; sourceTree = BUILT_PRODUCTS_DIR; };
		3A9EAC6F159E155C0042030E /* UIKit.framework */ = {isa = PBXFileReference; lastKnownFileType = wrapper.framework; name = UIKit.framework; path = System/Library/Frameworks/UIKit.framework; sourceTree = SDKROOT; };
		3A9EAC71159E155C0042030E /* Foundation.framework */ = {isa = PBXFileReference; lastKnownFileType = wrapper.framework; name = Foundation.framework; path = System/Library/Frameworks/Foundation.framework; sourceTree = SDKROOT; };
		3A9EAC73159E155C0042030E /* CoreGraphics.framework */ = {isa = PBXFileReference; lastKnownFileType = wrapper.framework; name = CoreGraphics.framework; path = System/Library/Frameworks/CoreGraphics.framework; sourceTree = SDKROOT; };
		3A9EAC77159E155C0042030E /* SprintOverflow-Info.plist */ = {isa = PBXFileReference; lastKnownFileType = text.plist.xml; path = "SprintOverflow-Info.plist"; sourceTree = "<group>"; };
		3A9EAC79159E155C0042030E /* en */ = {isa = PBXFileReference; lastKnownFileType = text.plist.strings; name = en; path = en.lproj/InfoPlist.strings; sourceTree = "<group>"; };
		3A9EAC7B159E155C0042030E /* main.m */ = {isa = PBXFileReference; lastKnownFileType = sourcecode.c.objc; path = main.m; sourceTree = "<group>"; };
		3A9EAC7D159E155C0042030E /* SprintOverflow-Prefix.pch */ = {isa = PBXFileReference; lastKnownFileType = sourcecode.c.h; path = "SprintOverflow-Prefix.pch"; sourceTree = "<group>"; };
		3A9EAC7E159E155C0042030E /* soAppDelegate.h */ = {isa = PBXFileReference; lastKnownFileType = sourcecode.c.h; path = soAppDelegate.h; sourceTree = "<group>"; };
		3A9EAC7F159E155C0042030E /* soAppDelegate.m */ = {isa = PBXFileReference; lastKnownFileType = sourcecode.c.objc; path = soAppDelegate.m; sourceTree = "<group>"; };
		3A9EAC81159E155C0042030E /* soWelcomeViewController.h */ = {isa = PBXFileReference; lastKnownFileType = sourcecode.c.h; path = soWelcomeViewController.h; sourceTree = "<group>"; };
		3A9EAC82159E155C0042030E /* soWelcomeViewController.m */ = {isa = PBXFileReference; lastKnownFileType = sourcecode.c.objc; path = soWelcomeViewController.m; sourceTree = "<group>"; };
		3A9EAC84159E155C0042030E /* first.png */ = {isa = PBXFileReference; lastKnownFileType = image.png; path = first.png; sourceTree = "<group>"; };
		3A9EAC86159E155C0042030E /* first@2x.png */ = {isa = PBXFileReference; lastKnownFileType = image.png; path = "first@2x.png"; sourceTree = "<group>"; };
		3A9EAC88159E155C0042030E /* soSecondViewController.h */ = {isa = PBXFileReference; lastKnownFileType = sourcecode.c.h; path = soSecondViewController.h; sourceTree = "<group>"; };
		3A9EAC89159E155C0042030E /* soSecondViewController.m */ = {isa = PBXFileReference; lastKnownFileType = sourcecode.c.objc; path = soSecondViewController.m; sourceTree = "<group>"; };
		3A9EAC8B159E155C0042030E /* second.png */ = {isa = PBXFileReference; lastKnownFileType = image.png; path = second.png; sourceTree = "<group>"; };
		3A9EAC8D159E155C0042030E /* second@2x.png */ = {isa = PBXFileReference; lastKnownFileType = image.png; path = "second@2x.png"; sourceTree = "<group>"; };
		3A9EAC90159E155C0042030E /* en */ = {isa = PBXFileReference; lastKnownFileType = file.xib; name = en; path = en.lproj/welcome.xib; sourceTree = "<group>"; };
		3A9EAC93159E155C0042030E /* en */ = {isa = PBXFileReference; lastKnownFileType = file.xib; name = en; path = en.lproj/soSecondViewController.xib; sourceTree = "<group>"; };
		3AA9E40F15C851D9006A4704 /* soJoinViewController.h */ = {isa = PBXFileReference; fileEncoding = 4; lastKnownFileType = sourcecode.c.h; path = soJoinViewController.h; sourceTree = "<group>"; };
		3AA9E41015C851D9006A4704 /* soJoinViewController.m */ = {isa = PBXFileReference; fileEncoding = 4; lastKnownFileType = sourcecode.c.objc; path = soJoinViewController.m; sourceTree = "<group>"; };
		3AB5F5E715A1D2AD000D9A55 /* soEpic.h */ = {isa = PBXFileReference; fileEncoding = 4; lastKnownFileType = sourcecode.c.h; path = soEpic.h; sourceTree = "<group>"; };
		3AB5F5E815A1D2AD000D9A55 /* soEpic.m */ = {isa = PBXFileReference; fileEncoding = 4; lastKnownFileType = sourcecode.c.objc; path = soEpic.m; sourceTree = "<group>"; };
		3AB5F5EB15A1D78A000D9A55 /* soModel.h */ = {isa = PBXFileReference; fileEncoding = 4; lastKnownFileType = sourcecode.c.h; path = soModel.h; sourceTree = "<group>"; };
		3AB5F5EC15A1D78A000D9A55 /* soModel.m */ = {isa = PBXFileReference; fileEncoding = 4; lastKnownFileType = sourcecode.c.objc; path = soModel.m; sourceTree = "<group>"; };
		3ABB585B15A2EDB1007A57A4 /* soStory.h */ = {isa = PBXFileReference; fileEncoding = 4; lastKnownFileType = sourcecode.c.h; path = soStory.h; sourceTree = "<group>"; };
		3ABB585C15A2EDB1007A57A4 /* soStory.m */ = {isa = PBXFileReference; fileEncoding = 4; lastKnownFileType = sourcecode.c.objc; path = soStory.m; sourceTree = "<group>"; };
		3AC0A36F15F009BF0095F685 /* LocalModelCache.h */ = {isa = PBXFileReference; fileEncoding = 4; lastKnownFileType = sourcecode.c.h; path = LocalModelCache.h; sourceTree = "<group>"; };
		3AC0A37015F009BF0095F685 /* LocalModelCache.m */ = {isa = PBXFileReference; fileEncoding = 4; lastKnownFileType = sourcecode.c.objc; path = LocalModelCache.m; sourceTree = "<group>"; };
		3AD7477C15A32D7A0034B799 /* soTask.h */ = {isa = PBXFileReference; fileEncoding = 4; lastKnownFileType = sourcecode.c.h; path = soTask.h; sourceTree = "<group>"; };
		3AD7477D15A32D7A0034B799 /* soTask.m */ = {isa = PBXFileReference; fileEncoding = 4; lastKnownFileType = sourcecode.c.objc; path = soTask.m; sourceTree = "<group>"; };
/* End PBXFileReference section */

/* Begin PBXFrameworksBuildPhase section */
		3A9EAC68159E155C0042030E /* Frameworks */ = {
			isa = PBXFrameworksBuildPhase;
			buildActionMask = 2147483647;
			files = (
				3A48921115A1B78A00AAFF54 /* CoreData.framework in Frameworks */,
				3A9EAC70159E155C0042030E /* UIKit.framework in Frameworks */,
				3A9EAC72159E155C0042030E /* Foundation.framework in Frameworks */,
				3A9EAC74159E155C0042030E /* CoreGraphics.framework in Frameworks */,
			);
			runOnlyForDeploymentPostprocessing = 0;
		};
/* End PBXFrameworksBuildPhase section */

/* Begin PBXGroup section */
		3A4891F815A1B17B00AAFF54 /* JSON */ = {
			isa = PBXGroup;
			children = (
				3A4891F915A1B17B00AAFF54 /* JSON.h */,
				3A4891FA15A1B17B00AAFF54 /* NSObject+SBJSON.h */,
				3A4891FB15A1B17B00AAFF54 /* NSObject+SBJSON.m */,
				3A4891FC15A1B17B00AAFF54 /* NSString+SBJSON.h */,
				3A4891FD15A1B17B00AAFF54 /* NSString+SBJSON.m */,
				3A4891FE15A1B17B00AAFF54 /* SBJSON.h */,
				3A4891FF15A1B17B00AAFF54 /* SBJSON.m */,
				3A48920015A1B17B00AAFF54 /* SBJsonBase.h */,
				3A48920115A1B17B00AAFF54 /* SBJsonBase.m */,
				3A48920215A1B17B00AAFF54 /* SBJsonParser.h */,
				3A48920315A1B17B00AAFF54 /* SBJsonParser.m */,
				3A48920415A1B17B00AAFF54 /* SBJsonWriter.h */,
				3A48920515A1B17B00AAFF54 /* SBJsonWriter.m */,
			);
			path = JSON;
			sourceTree = "<group>";
		};
		3A9EAC60159E155C0042030E = {
			isa = PBXGroup;
			children = (
				3A48921015A1B78A00AAFF54 /* CoreData.framework */,
				3A9EAC75159E155C0042030E /* SprintOverflow */,
				3A9EAC6E159E155C0042030E /* Frameworks */,
				3A9EAC6C159E155C0042030E /* Products */,
			);
			sourceTree = "<group>";
		};
		3A9EAC6C159E155C0042030E /* Products */ = {
			isa = PBXGroup;
			children = (
				3A9EAC6B159E155C0042030E /* SprintOverflow.app */,
			);
			name = Products;
			sourceTree = "<group>";
		};
		3A9EAC6E159E155C0042030E /* Frameworks */ = {
			isa = PBXGroup;
			children = (
				3A9EAC6F159E155C0042030E /* UIKit.framework */,
				3A9EAC71159E155C0042030E /* Foundation.framework */,
				3A9EAC73159E155C0042030E /* CoreGraphics.framework */,
			);
			name = Frameworks;
			sourceTree = "<group>";
		};
		3A9EAC75159E155C0042030E /* SprintOverflow */ = {
			isa = PBXGroup;
			children = (
				3A2BDA0415AC3B5E00AB3F7B /* Model.xcdatamodeld */,
				3AC0A36F15F009BF0095F685 /* LocalModelCache.h */,
				3AC0A37015F009BF0095F685 /* LocalModelCache.m */,
				3ABB585B15A2EDB1007A57A4 /* soStory.h */,
				3ABB585C15A2EDB1007A57A4 /* soStory.m */,
				3AB5F5E715A1D2AD000D9A55 /* soEpic.h */,
				3AB5F5EB15A1D78A000D9A55 /* soModel.h */,
				3A6117BD15F4C20F00C155AD /* soConstants.h */,
				3A6117BE15F4C20F00C155AD /* soConstants.m */,
				3AB5F5EC15A1D78A000D9A55 /* soModel.m */,
				3A30C02315EECBE100FE937C /* soSecurity.h */,
				3A30C02415EECBE100FE937C /* soSecurity.m */,
				3AD7477C15A32D7A0034B799 /* soTask.h */,
				3AD7477D15A32D7A0034B799 /* soTask.m */,
				3AB5F5E815A1D2AD000D9A55 /* soEpic.m */,
				3A48920F15A1B4F200AAFF54 /* soDatabase.h */,
				3A48920D15A1B48C00AAFF54 /* soDatabase.m */,
				3A4891F815A1B17B00AAFF54 /* JSON */,
				3A9EAC7E159E155C0042030E /* soAppDelegate.h */,
				3A9EAC7F159E155C0042030E /* soAppDelegate.m */,
				3A9EAC81159E155C0042030E /* soWelcomeViewController.h */,
				3A9EAC82159E155C0042030E /* soWelcomeViewController.m */,
				3A9EAC8F159E155C0042030E /* welcome.xib */,
				3A9EAC84159E155C0042030E /* first.png */,
				3A9EAC86159E155C0042030E /* first@2x.png */,
				3A9EAC88159E155C0042030E /* soSecondViewController.h */,
				3A9EAC89159E155C0042030E /* soSecondViewController.m */,
				3A9EAC92159E155C0042030E /* soSecondViewController.xib */,
				3A9EAC8B159E155C0042030E /* second.png */,
				3A9EAC8D159E155C0042030E /* second@2x.png */,
				3AA9E40F15C851D9006A4704 /* soJoinViewController.h */,
				3AA9E41015C851D9006A4704 /* soJoinViewController.m */,
				3A30C03315EFD46000FE937C /* join.xib */,
				3A30C01D15EE671300FE937C /* soCreateViewController.h */,
				3A30C01E15EE671300FE937C /* soCreateViewController.m */,
				3A6117C015F4C44600C155AD /* soUtil.h */,
				3A6117C115F4C44600C155AD /* soUtil.m */,
				3A30C03615EFD49C00FE937C /* soCreateViewController.xib */,
				3A9EAC76159E155C0042030E /* Supporting Files */,
			);
			path = SprintOverflow;
			sourceTree = "<group>";
		};
		3A9EAC76159E155C0042030E /* Supporting Files */ = {
			isa = PBXGroup;
			children = (
				3A30C02F15EFD33D00FE937C /* findMissingLocalizedStrings.sh */,
				3A9EAC77159E155C0042030E /* SprintOverflow-Info.plist */,
				3A9EAC78159E155C0042030E /* InfoPlist.strings */,
				3A9EAC7B159E155C0042030E /* main.m */,
				3A9EAC7D159E155C0042030E /* SprintOverflow-Prefix.pch */,
			);
			name = "Supporting Files";
			sourceTree = "<group>";
		};
/* End PBXGroup section */

/* Begin PBXNativeTarget section */
		3A9EAC6A159E155C0042030E /* SprintOverflow */ = {
			isa = PBXNativeTarget;
			buildConfigurationList = 3A9EAC97159E155C0042030E /* Build configuration list for PBXNativeTarget "SprintOverflow" */;
			buildPhases = (
				3A9EAC67159E155C0042030E /* Sources */,
				3A9EAC68159E155C0042030E /* Frameworks */,
				3A9EAC69159E155C0042030E /* Resources */,
			);
			buildRules = (
			);
			dependencies = (
			);
			name = SprintOverflow;
			productName = SprintOverflow;
			productReference = 3A9EAC6B159E155C0042030E /* SprintOverflow.app */;
			productType = "com.apple.product-type.application";
		};
/* End PBXNativeTarget section */

/* Begin PBXProject section */
		3A9EAC62159E155C0042030E /* Project object */ = {
			isa = PBXProject;
			attributes = {
				CLASSPREFIX = so;
				LastUpgradeCheck = 0430;
			};
			buildConfigurationList = 3A9EAC65159E155C0042030E /* Build configuration list for PBXProject "SprintOverflow" */;
			compatibilityVersion = "Xcode 3.2";
			developmentRegion = English;
			hasScannedForEncodings = 0;
			knownRegions = (
				en,
			);
			mainGroup = 3A9EAC60159E155C0042030E;
			productRefGroup = 3A9EAC6C159E155C0042030E /* Products */;
			projectDirPath = "";
			projectRoot = "";
			targets = (
				3A9EAC6A159E155C0042030E /* SprintOverflow */,
			);
		};
/* End PBXProject section */

/* Begin PBXResourcesBuildPhase section */
		3A9EAC69159E155C0042030E /* Resources */ = {
			isa = PBXResourcesBuildPhase;
			buildActionMask = 2147483647;
			files = (
				3A9EAC7A159E155C0042030E /* InfoPlist.strings in Resources */,
				3A9EAC85159E155C0042030E /* first.png in Resources */,
				3A9EAC87159E155C0042030E /* first@2x.png in Resources */,
				3A9EAC8C159E155C0042030E /* second.png in Resources */,
				3A9EAC8E159E155C0042030E /* second@2x.png in Resources */,
				3A9EAC91159E155C0042030E /* welcome.xib in Resources */,
				3A9EAC94159E155C0042030E /* soSecondViewController.xib in Resources */,
				3A30C03115EFD46000FE937C /* join.xib in Resources */,
				3A30C03415EFD49C00FE937C /* soCreateViewController.xib in Resources */,
				3A30C03015EFD33D00FE937C /* findMissingLocalizedStrings.sh in Resources */,
			);
			runOnlyForDeploymentPostprocessing = 0;
		};
/* End PBXResourcesBuildPhase section */

/* Begin PBXSourcesBuildPhase section */
		3A9EAC67159E155C0042030E /* Sources */ = {
			isa = PBXSourcesBuildPhase;
			buildActionMask = 2147483647;
			files = (
				3A9EAC7C159E155C0042030E /* main.m in Sources */,
				3A9EAC80159E155C0042030E /* soAppDelegate.m in Sources */,
				3A9EAC83159E155C0042030E /* soWelcomeViewController.m in Sources */,
				3A9EAC8A159E155C0042030E /* soSecondViewController.m in Sources */,
				3A48920615A1B17B00AAFF54 /* NSObject+SBJSON.m in Sources */,
				3A48920715A1B17B00AAFF54 /* NSString+SBJSON.m in Sources */,
				3A48920815A1B17B00AAFF54 /* SBJSON.m in Sources */,
				3A48920915A1B17B00AAFF54 /* SBJsonBase.m in Sources */,
				3A48920A15A1B17B00AAFF54 /* SBJsonParser.m in Sources */,
				3A48920B15A1B17B00AAFF54 /* SBJsonWriter.m in Sources */,
				3A48920E15A1B48C00AAFF54 /* soDatabase.m in Sources */,
				3AB5F5E915A1D2AD000D9A55 /* soEpic.m in Sources */,
				3AB5F5ED15A1D78A000D9A55 /* soModel.m in Sources */,
				3ABB585D15A2EDB1007A57A4 /* soStory.m in Sources */,
				3AD7477E15A32D7A0034B799 /* soTask.m in Sources */,
				3A2BDA0615AC3B5E00AB3F7B /* Model.xcdatamodeld in Sources */,
				3AA9E41215C851D9006A4704 /* soJoinViewController.m in Sources */,
				3A30C02015EE671300FE937C /* soCreateViewController.m in Sources */,
				3A30C02515EECBE100FE937C /* soSecurity.m in Sources */,
				3AC0A37115F009BF0095F685 /* LocalModelCache.m in Sources */,
				3A6117BF15F4C20F00C155AD /* soConstants.m in Sources */,
				3A6117C215F4C44600C155AD /* soUtil.m in Sources */,
			);
			runOnlyForDeploymentPostprocessing = 0;
		};
/* End PBXSourcesBuildPhase section */

/* Begin PBXVariantGroup section */
		3A30C03315EFD46000FE937C /* join.xib */ = {
			isa = PBXVariantGroup;
			children = (
				3A30C03215EFD46000FE937C /* en */,
			);
			name = join.xib;
			sourceTree = "<group>";
		};
		3A30C03615EFD49C00FE937C /* soCreateViewController.xib */ = {
			isa = PBXVariantGroup;
			children = (
				3A30C03515EFD49C00FE937C /* en */,
			);
			name = soCreateViewController.xib;
			sourceTree = "<group>";
		};
		3A9EAC78159E155C0042030E /* InfoPlist.strings */ = {
			isa = PBXVariantGroup;
			children = (
				3A9EAC79159E155C0042030E /* en */,
			);
			name = InfoPlist.strings;
			sourceTree = "<group>";
		};
		3A9EAC8F159E155C0042030E /* welcome.xib */ = {
			isa = PBXVariantGroup;
			children = (
				3A9EAC90159E155C0042030E /* en */,
			);
			name = welcome.xib;
			sourceTree = "<group>";
		};
		3A9EAC92159E155C0042030E /* soSecondViewController.xib */ = {
			isa = PBXVariantGroup;
			children = (
				3A9EAC93159E155C0042030E /* en */,
			);
			name = soSecondViewController.xib;
			sourceTree = "<group>";
		};
/* End PBXVariantGroup section */

/* Begin XCBuildConfiguration section */
		3A9EAC95159E155C0042030E /* Debug */ = {
			isa = XCBuildConfiguration;
			buildSettings = {
				ALWAYS_SEARCH_USER_PATHS = NO;
				ARCHS = "$(ARCHS_STANDARD_32_BIT)";
				CLANG_ENABLE_OBJC_ARC = YES;
				"CODE_SIGN_IDENTITY[sdk=iphoneos*]" = "iPhone Developer";
				COPY_PHASE_STRIP = NO;
				GCC_C_LANGUAGE_STANDARD = gnu99;
				GCC_DYNAMIC_NO_PIC = NO;
				GCC_OPTIMIZATION_LEVEL = 0;
				GCC_PREPROCESSOR_DEFINITIONS = (
					"DEBUG=1",
					"$(inherited)",
				);
				GCC_SYMBOLS_PRIVATE_EXTERN = NO;
				GCC_VERSION = com.apple.compilers.llvm.clang.1_0;
				GCC_WARN_ABOUT_RETURN_TYPE = YES;
				GCC_WARN_UNINITIALIZED_AUTOS = YES;
				GCC_WARN_UNUSED_VARIABLE = YES;
				IPHONEOS_DEPLOYMENT_TARGET = 5.1;
				SDKROOT = iphoneos;
			};
			name = Debug;
		};
		3A9EAC96159E155C0042030E /* Release */ = {
			isa = XCBuildConfiguration;
			buildSettings = {
				ALWAYS_SEARCH_USER_PATHS = NO;
				ARCHS = "$(ARCHS_STANDARD_32_BIT)";
				CLANG_ENABLE_OBJC_ARC = YES;
				"CODE_SIGN_IDENTITY[sdk=iphoneos*]" = "iPhone Developer";
				COPY_PHASE_STRIP = YES;
				GCC_C_LANGUAGE_STANDARD = gnu99;
				GCC_VERSION = com.apple.compilers.llvm.clang.1_0;
				GCC_WARN_ABOUT_RETURN_TYPE = YES;
				GCC_WARN_UNINITIALIZED_AUTOS = YES;
				GCC_WARN_UNUSED_VARIABLE = YES;
				IPHONEOS_DEPLOYMENT_TARGET = 5.1;
				OTHER_CFLAGS = "-DNS_BLOCK_ASSERTIONS=1";
				SDKROOT = iphoneos;
				VALIDATE_PRODUCT = YES;
			};
			name = Release;
		};
		3A9EAC98159E155C0042030E /* Debug */ = {
			isa = XCBuildConfiguration;
			buildSettings = {
				GCC_PRECOMPILE_PREFIX_HEADER = YES;
				GCC_PREFIX_HEADER = "SprintOverflow/SprintOverflow-Prefix.pch";
				INFOPLIST_FILE = "SprintOverflow/SprintOverflow-Info.plist";
				IPHONEOS_DEPLOYMENT_TARGET = 5.1;
				PRODUCT_NAME = "$(TARGET_NAME)";
				TARGETED_DEVICE_FAMILY = "1,2";
				WRAPPER_EXTENSION = app;
			};
			name = Debug;
		};
		3A9EAC99159E155C0042030E /* Release */ = {
			isa = XCBuildConfiguration;
			buildSettings = {
				GCC_PRECOMPILE_PREFIX_HEADER = YES;
				GCC_PREFIX_HEADER = "SprintOverflow/SprintOverflow-Prefix.pch";
				INFOPLIST_FILE = "SprintOverflow/SprintOverflow-Info.plist";
				IPHONEOS_DEPLOYMENT_TARGET = 5.1;
				PRODUCT_NAME = "$(TARGET_NAME)";
				TARGETED_DEVICE_FAMILY = "1,2";
				WRAPPER_EXTENSION = app;
			};
			name = Release;
		};
/* End XCBuildConfiguration section */

/* Begin XCConfigurationList section */
		3A9EAC65159E155C0042030E /* Build configuration list for PBXProject "SprintOverflow" */ = {
			isa = XCConfigurationList;
			buildConfigurations = (
				3A9EAC95159E155C0042030E /* Debug */,
				3A9EAC96159E155C0042030E /* Release */,
			);
			defaultConfigurationIsVisible = 0;
			defaultConfigurationName = Release;
		};
		3A9EAC97159E155C0042030E /* Build configuration list for PBXNativeTarget "SprintOverflow" */ = {
			isa = XCConfigurationList;
			buildConfigurations = (
				3A9EAC98159E155C0042030E /* Debug */,
				3A9EAC99159E155C0042030E /* Release */,
			);
			defaultConfigurationIsVisible = 0;
			defaultConfigurationName = Release;
		};
/* End XCConfigurationList section */

/* Begin XCVersionGroup section */
		3A2BDA0415AC3B5E00AB3F7B /* Model.xcdatamodeld */ = {
			isa = XCVersionGroup;
			children = (
				3A2BDA0515AC3B5E00AB3F7B /* Model.xcdatamodel */,
			);
			currentVersion = 3A2BDA0515AC3B5E00AB3F7B /* Model.xcdatamodel */;
			path = Model.xcdatamodeld;
			sourceTree = "<group>";
			versionGroupType = wrapper.xcdatamodel;
		};
/* End XCVersionGroup section */
	};
	rootObject = 3A9EAC62159E155C0042030E /* Project object */;
}
